<?xml version="1.0" encoding="utf-8"?>
<Project ToolsVersion="4.0" xmlns="http://schemas.microsoft.com/developer/msbuild/2003">
  <ItemGroup>
    <ClCompile Include="Logic.cpp">
      <Filter>Source Files</Filter>
    </ClCompile>
    <ClCompile Include="Main.cpp">
      <Filter>Source Files</Filter>
    </ClCompile>
    <ClCompile Include="Parser.cpp">
      <Filter>Source Files</Filter>
    </ClCompile>
    <ClCompile Include="Settings.cpp">
      <Filter>Source Files</Filter>
    </ClCompile>
    <ClCompile Include="Storage.cpp">
      <Filter>Source Files</Filter>
    </ClCompile>
    <ClCompile Include="Task.cpp">
      <Filter>Source Files</Filter>
    </ClCompile>
    <ClCompile Include="UserInterface.cpp">
      <Filter>Source Files</Filter>
    </ClCompile>
    <ClCompile Include="ViewType.cpp">
      <Filter>ViewType</Filter>
    </ClCompile>
    <ClCompile Include="ViewType0.cpp">
      <Filter>ViewType</Filter>
    </ClCompile>
    <ClCompile Include="ViewType1.cpp">
      <Filter>ViewType</Filter>
    </ClCompile>
    <ClCompile Include="CommandPackage.cpp">
      <Filter>Source Files</Filter>
    </ClCompile>
    <ClCompile Include="Command.cpp">
      <Filter>Command</Filter>
    </ClCompile>
    <ClCompile Include="Command_Add.cpp">
      <Filter>Command</Filter>
    </ClCompile>
    <ClCompile Include="Command_Clear.cpp">
      <Filter>Command</Filter>
    </ClCompile>
    <ClCompile Include="Command_Delete.cpp">
      <Filter>Command</Filter>
    </ClCompile>
    <ClCompile Include="Command_Edit.cpp">
      <Filter>Command</Filter>
    </ClCompile>
    <ClCompile Include="Command_ViewType.cpp">
      <Filter>Command</Filter>
    </ClCompile>
  </ItemGroup>
  <ItemGroup>
    <ClInclude Include="Command.h">
      <Filter>Header Files</Filter>
    </ClInclude>
    <ClInclude Include="Command_Add.h">
      <Filter>Header Files</Filter>
    </ClInclude>
    <ClInclude Include="Command_Clear.h">
      <Filter>Header Files</Filter>
    </ClInclude>
    <ClInclude Include="Command_Delete.h">
      <Filter>Header Files</Filter>
    </ClInclude>
    <ClInclude Include="Command_Edit.h">
      <Filter>Header Files</Filter>
    </ClInclude>
    <ClInclude Include="Command_ViewType.h">
      <Filter>Header Files</Filter>
    </ClInclude>
    <ClInclude Include="CommandPackage.h">
      <Filter>Header Files</Filter>
    </ClInclude>
    <ClInclude Include="Logic.h">
      <Filter>Header Files</Filter>
    </ClInclude>
    <ClInclude Include="Parser.h">
      <Filter>Header Files</Filter>
    </ClInclude>
    <ClInclude Include="Settings.h">
      <Filter>Header Files</Filter>
    </ClInclude>
    <ClInclude Include="Storage.h">
      <Filter>Header Files</Filter>
    </ClInclude>
    <ClInclude Include="Task.h">
      <Filter>Header Files</Filter>
    </ClInclude>
    <ClInclude Include="UserInterface.h">
      <Filter>Header Files</Filter>
    </ClInclude>
    <ClInclude Include="ViewType.h">
      <Filter>Header Files</Filter>
    </ClInclude>
    <ClInclude Include="ViewType0.h">
      <Filter>Header Files</Filter>
    </ClInclude>
    <ClInclude Include="ViewType1.h">
      <Filter>Header Files</Filter>
    </ClInclude>
  </ItemGroup>
  <ItemGroup>
    <Filter Include="Header Files">
      <UniqueIdentifier>{87d9b1ab-257a-406e-8fb6-b33db3a87de6}</UniqueIdentifier>
    </Filter>
    <Filter Include="Source Files">
      <UniqueIdentifier>{c9e732ff-ef34-4290-acff-7775a0ee3ca9}</UniqueIdentifier>
    </Filter>
    <Filter Include="ViewType">
      <UniqueIdentifier>{8656ac5c-44d2-4cde-9882-036442762e22}</UniqueIdentifier>
    </Filter>
    <Filter Include="Command">
      <UniqueIdentifier>{c7e094a5-09ab-4047-901f-f8cc4086ec27}</UniqueIdentifier>
    </Filter>
  </ItemGroup>
</Project>